# THIS IS AN AUTOGENERATED FILE. DO NOT EDIT THIS FILE DIRECTLY.
# yarn lockfile v1


next-seo@^4.26.0:
  version "4.26.0"
  resolved "https://registry.yarnpkg.com/next-seo/-/next-seo-4.26.0.tgz#4218cfae5651fdc2e330dcdf1cc1b34ce199d41c"
  integrity sha512-5TqywQ3XAwqdmEU1AyNZjR7WdDKFTkDD8aBtgQelPvzBUEy8i0mTjtiw+09jhiHFNik6FqS8uPKCaYcY6jRgSQ==
